
Microsoft Visual Studio Solution File, Format Version 12.00
# Visual Studio Version 17
VisualStudioVersion = 17.9.34701.34
MinimumVisualStudioVersion = 10.0.40219.1
Project("{FAE04EC0-301F-11D3-BF4B-00C04F79EFBC}") = "ml-project-BarbanAlberto", "ml-project-BarbanAlberto.csproj", "{920C5CDB-AC7A-4A48-A794-8190044FE23D}"
EndProject
Global
	GlobalSection(SolutionConfigurationPlatforms) = preSolution
		Debug|Any CPU = Debug|Any CPU
		Release|Any CPU = Release|Any CPU
	EndGlobalSection
	GlobalSection(ProjectConfigurationPlatforms) = postSolution
		{920C5CDB-AC7A-4A48-A794-8190044FE23D}.Debug|Any CPU.ActiveCfg = Debug|Any CPU
		{920C5CDB-AC7A-4A48-A794-8190044FE23D}.Debug|Any CPU.Build.0 = Debug|Any CPU
		{920C5CDB-AC7A-4A48-A794-8190044FE23D}.Release|Any CPU.ActiveCfg = Release|Any CPU
		{920C5CDB-AC7A-4A48-A794-8190044FE23D}.Release|Any CPU.Build.0 = Release|Any CPU
	EndGlobalSection
	GlobalSection(SolutionProperties) = preSolution
		HideSolutionNode = FALSE
	EndGlobalSection
	GlobalSection(ExtensibilityGlobals) = postSolution
		SolutionGuid = {F4C37F2A-DDDD-460F-90D9-0035770B6319}
	EndGlobalSection
EndGlobal
